
Microsoft Visual Studio Solution File, Format Version 12.00
# Visual Studio 15
VisualStudioVersion = 15.0.28307.572
MinimumVisualStudioVersion = 10.0.40219.1
Project("{FAE04EC0-301F-11D3-BF4B-00C04F79EFBC}") = "NET.A.2019.Sivko.01", "NET.A.2019.Sivko.01\NET.A.2019.Sivko.01.csproj", "{10C51DA6-92C2-4A28-AF5A-C8645EA7DDBD}"
EndProject
Project("{FAE04EC0-301F-11D3-BF4B-00C04F79EFBC}") = "Sortings", "Sortings\Sortings.csproj", "{17E5F687-0AFE-4279-BCF2-A7FE4D6ABAD7}"
EndProject
Project("{FAE04EC0-301F-11D3-BF4B-00C04F79EFBC}") = "TestingSortings", "TestingSortings\TestingSortings.csproj", "{8989E64F-6304-4ED1-8CAC-0FBB234FBAC8}"
EndProject
Global
	GlobalSection(SolutionConfigurationPlatforms) = preSolution
		Debug|Any CPU = Debug|Any CPU
		Release|Any CPU = Release|Any CPU
	EndGlobalSection
	GlobalSection(ProjectConfigurationPlatforms) = postSolution
		{10C51DA6-92C2-4A28-AF5A-C8645EA7DDBD}.Debug|Any CPU.ActiveCfg = Debug|Any CPU
		{10C51DA6-92C2-4A28-AF5A-C8645EA7DDBD}.Debug|Any CPU.Build.0 = Debug|Any CPU
		{10C51DA6-92C2-4A28-AF5A-C8645EA7DDBD}.Release|Any CPU.ActiveCfg = Release|Any CPU
		{10C51DA6-92C2-4A28-AF5A-C8645EA7DDBD}.Release|Any CPU.Build.0 = Release|Any CPU
		{17E5F687-0AFE-4279-BCF2-A7FE4D6ABAD7}.Debug|Any CPU.ActiveCfg = Debug|Any CPU
		{17E5F687-0AFE-4279-BCF2-A7FE4D6ABAD7}.Debug|Any CPU.Build.0 = Debug|Any CPU
		{17E5F687-0AFE-4279-BCF2-A7FE4D6ABAD7}.Release|Any CPU.ActiveCfg = Release|Any CPU
		{17E5F687-0AFE-4279-BCF2-A7FE4D6ABAD7}.Release|Any CPU.Build.0 = Release|Any CPU
		{8989E64F-6304-4ED1-8CAC-0FBB234FBAC8}.Debug|Any CPU.ActiveCfg = Debug|Any CPU
		{8989E64F-6304-4ED1-8CAC-0FBB234FBAC8}.Debug|Any CPU.Build.0 = Debug|Any CPU
		{8989E64F-6304-4ED1-8CAC-0FBB234FBAC8}.Release|Any CPU.ActiveCfg = Release|Any CPU
		{8989E64F-6304-4ED1-8CAC-0FBB234FBAC8}.Release|Any CPU.Build.0 = Release|Any CPU
	EndGlobalSection
	GlobalSection(SolutionProperties) = preSolution
		HideSolutionNode = FALSE
	EndGlobalSection
	GlobalSection(ExtensibilityGlobals) = postSolution
		SolutionGuid = {FDAF9133-8F10-4AD2-B3C4-B18FEBDE6A05}
	EndGlobalSection
EndGlobal
